<?xml version="1.0" encoding="utf-8"?>
<Project ToolsVersion="4.0" xmlns="http://schemas.microsoft.com/developer/msbuild/2003">
  <ItemGroup>
    <ClCompile Include="PriorHub.cpp">
      <Filter>Source Files</Filter>
    </ClCompile>
    <ClCompile Include="PriorLumen.cpp">
      <Filter>Source Files</Filter>
    </ClCompile>
    <ClCompile Include="PriorNanoZStage.cpp">
      <Filter>Source Files</Filter>
    </ClCompile>
    <ClCompile Include="PriorNew.cpp">
      <Filter>Source Files</Filter>
    </ClCompile>
    <ClCompile Include="PriorProScanHub.cpp">
      <Filter>Source Files</Filter>
    </ClCompile>
    <ClCompile Include="PriorShutter.cpp">
      <Filter>Source Files</Filter>
    </ClCompile>
    <ClCompile Include="PriorTTLShutter.cpp">
      <Filter>Source Files</Filter>
    </ClCompile>
    <ClCompile Include="PriorWheel.cpp">
      <Filter>Source Files</Filter>
    </ClCompile>
    <ClCompile Include="PriorXYStage.cpp">
      <Filter>Source Files</Filter>
    </ClCompile>
    <ClCompile Include="PriorZStage.cpp">
      <Filter>Source Files</Filter>
    </ClCompile>
  </ItemGroup>
  <ItemGroup>
    <ClInclude Include="PriorBase.h">
      <Filter>Header Files</Filter>
    </ClInclude>
    <ClInclude Include="PriorHub.h">
      <Filter>Header Files</Filter>
    </ClInclude>
    <ClInclude Include="PriorLumen.h">
      <Filter>Header Files</Filter>
    </ClInclude>
    <ClInclude Include="PriorNanoZStage.h">
      <Filter>Header Files</Filter>
    </ClInclude>
    <ClInclude Include="PriorNew.h">
      <Filter>Header Files</Filter>
    </ClInclude>
    <ClInclude Include="PriorPeripheralBase.h">
      <Filter>Header Files</Filter>
    </ClInclude>
    <ClInclude Include="PriorProScanHub.h">
      <Filter>Header Files</Filter>
    </ClInclude>
    <ClInclude Include="PriorShutter.h">
      <Filter>Header Files</Filter>
    </ClInclude>
    <ClInclude Include="PriorTTLShutter.h">
      <Filter>Header Files</Filter>
    </ClInclude>
    <ClInclude Include="PriorWheel.h">
      <Filter>Header Files</Filter>
    </ClInclude>
    <ClInclude Include="PriorXYStage.h">
      <Filter>Header Files</Filter>
    </ClInclude>
    <ClInclude Include="PriorZStage.h">
      <Filter>Header Files</Filter>
    </ClInclude>
  </ItemGroup>
  <ItemGroup>
    <Filter Include="Header Files">
      <UniqueIdentifier>{6e15152b-a9e1-49ae-af2b-e158a6c4ecd9}</UniqueIdentifier>
    </Filter>
    <Filter Include="Source Files">
      <UniqueIdentifier>{be4a0dba-53cb-459f-976c-75e3b1f4b1eb}</UniqueIdentifier>
    </Filter>
  </ItemGroup>
</Project>